
Microsoft Visual Studio Solution File, Format Version 12.00
# Visual Studio Version 16
VisualStudioVersion = 16.0.31129.286
MinimumVisualStudioVersion = 10.0.40219.1
Project("{FAE04EC0-301F-11D3-BF4B-00C04F79EFBC}") = "TestAPI", "TestAPI\TestAPI.csproj", "{ADD0E524-375F-449B-9AB9-7B503148A2DA}"
EndProject
Global
	GlobalSection(SolutionConfigurationPlatforms) = preSolution
		Debug|Any CPU = Debug|Any CPU
		Release|Any CPU = Release|Any CPU
	EndGlobalSection
	GlobalSection(ProjectConfigurationPlatforms) = postSolution
		{ADD0E524-375F-449B-9AB9-7B503148A2DA}.Debug|Any CPU.ActiveCfg = Debug|Any CPU
		{ADD0E524-375F-449B-9AB9-7B503148A2DA}.Debug|Any CPU.Build.0 = Debug|Any CPU
		{ADD0E524-375F-449B-9AB9-7B503148A2DA}.Release|Any CPU.ActiveCfg = Release|Any CPU
		{ADD0E524-375F-449B-9AB9-7B503148A2DA}.Release|Any CPU.Build.0 = Release|Any CPU
	EndGlobalSection
	GlobalSection(SolutionProperties) = preSolution
		HideSolutionNode = FALSE
	EndGlobalSection
	GlobalSection(ExtensibilityGlobals) = postSolution
		SolutionGuid = {BF03A66A-B1B3-4F96-89B1-709AA5E71589}
	EndGlobalSection
EndGlobal
